
Microsoft Visual Studio Solution File, Format Version 12.00
# Visual Studio Version 16
VisualStudioVersion = 16.0.29911.84
MinimumVisualStudioVersion = 10.0.40219.1
Project("{FAE04EC0-301F-11D3-BF4B-00C04F79EFBC}") = "Bootstrap", "Bootstrap\Bootstrap.csproj", "{F9EAA1A2-3CAD-49E6-BE15-92C972692274}"
EndProject
Global
	GlobalSection(SolutionConfigurationPlatforms) = preSolution
		Debug|Any CPU = Debug|Any CPU
		Release|Any CPU = Release|Any CPU
	EndGlobalSection
	GlobalSection(ProjectConfigurationPlatforms) = postSolution
		{F9EAA1A2-3CAD-49E6-BE15-92C972692274}.Debug|Any CPU.ActiveCfg = Debug|Any CPU
		{F9EAA1A2-3CAD-49E6-BE15-92C972692274}.Debug|Any CPU.Build.0 = Debug|Any CPU
		{F9EAA1A2-3CAD-49E6-BE15-92C972692274}.Release|Any CPU.ActiveCfg = Release|Any CPU
		{F9EAA1A2-3CAD-49E6-BE15-92C972692274}.Release|Any CPU.Build.0 = Release|Any CPU
	EndGlobalSection
	GlobalSection(SolutionProperties) = preSolution
		HideSolutionNode = FALSE
	EndGlobalSection
	GlobalSection(ExtensibilityGlobals) = postSolution
		SolutionGuid = {2E2DF454-B829-45B4-AF91-D3465058C5F7}
	EndGlobalSection
EndGlobal
